
Microsoft Visual Studio Solution File, Format Version 12.00
# Visual Studio 2015
Project("{FAE04EC0-301F-11D3-BF4B-00C04F79EFBC}") = "CoffeePlatformer.CSharp", "CoffeePlatformer.CSharp.csproj", "{FD0D9F1E-E032-DAB7-F6C5-56A29527E602}"
EndProject
Global
	GlobalSection(SolutionConfigurationPlatforms) = preSolution
		Debug|Any CPU = Debug|Any CPU
		Release|Any CPU = Release|Any CPU
	EndGlobalSection
	GlobalSection(ProjectConfigurationPlatforms) = postSolution
		{FD0D9F1E-E032-DAB7-F6C5-56A29527E602}.Debug|Any CPU.ActiveCfg = Debug|Any CPU
		{FD0D9F1E-E032-DAB7-F6C5-56A29527E602}.Debug|Any CPU.Build.0 = Debug|Any CPU
		{FD0D9F1E-E032-DAB7-F6C5-56A29527E602}.Release|Any CPU.ActiveCfg = Release|Any CPU
		{FD0D9F1E-E032-DAB7-F6C5-56A29527E602}.Release|Any CPU.Build.0 = Release|Any CPU
	EndGlobalSection
	GlobalSection(SolutionProperties) = preSolution
		HideSolutionNode = FALSE
	EndGlobalSection
EndGlobal
